// !$*UTF8*$!
{
	archiveVersion = 1;
	classes = {
	};
	objectVersion = 46;
	objects = {

/* Begin PBXBuildFile section */
		26AEA4241E34C26B00528C66 /* main.m in Sources */ = {isa = PBXBuildFile; fileRef = 26AEA4231E34C26B00528C66 /* main.m */; };
		26AEA4481E34C27900528C66 /* GCDAsyncSocket.m in Sources */ = {isa = PBXBuildFile; fileRef = 26AEA42F1E34C27900528C66 /* GCDAsyncSocket.m */; };
		26AEA4491E34C27900528C66 /* GCDAsyncUdpSocket.m in Sources */ = {isa = PBXBuildFile; fileRef = 26AEA4311E34C27900528C66 /* GCDAsyncUdpSocket.m */; };
		26AEA4541E34C2F100528C66 /* SocketMnager.m in Sources */ = {isa = PBXBuildFile; fileRef = 26AEA4531E34C2F100528C66 /* SocketMnager.m */; };
/* End PBXBuildFile section */

/* Begin PBXCopyFilesBuildPhase section */
		26AEA41E1E34C26A00528C66 /* CopyFiles */ = {
			isa = PBXCopyFilesBuildPhase;
			buildActionMask = 2147483647;
			dstPath = /usr/share/man/man1/;
			dstSubfolderSpec = 0;
			files = (
			);
			runOnlyForDeploymentPostprocessing = 1;
		};
/* End PBXCopyFilesBuildPhase section */

/* Begin PBXFileReference section */
		26AEA4201E34C26B00528C66 /* neganSocket */ = {isa = PBXFileReference; explicitFileType = "compiled.mach-o.executable"; includeInIndex = 0; path = neganSocket; sourceTree = BUILT_PRODUCTS_DIR; };
		26AEA4231E34C26B00528C66 /* main.m */ = {isa = PBXFileReference; lastKnownFileType = sourcecode.c.objc; path = main.m; sourceTree = "<group>"; };
		26AEA42B1E34C27900528C66 /* CocoaAsyncSocket.h */ = {isa = PBXFileReference; fileEncoding = 4; lastKnownFileType = sourcecode.c.h; path = CocoaAsyncSocket.h; sourceTree = "<group>"; };
		26AEA42D1E34C27900528C66 /* Documentation.html */ = {isa = PBXFileReference; fileEncoding = 4; lastKnownFileType = text.html; path = Documentation.html; sourceTree = "<group>"; };
		26AEA42E1E34C27900528C66 /* GCDAsyncSocket.h */ = {isa = PBXFileReference; fileEncoding = 4; lastKnownFileType = sourcecode.c.h; path = GCDAsyncSocket.h; sourceTree = "<group>"; };
		26AEA42F1E34C27900528C66 /* GCDAsyncSocket.m */ = {isa = PBXFileReference; fileEncoding = 4; lastKnownFileType = sourcecode.c.objc; path = GCDAsyncSocket.m; sourceTree = "<group>"; };
		26AEA4301E34C27900528C66 /* GCDAsyncUdpSocket.h */ = {isa = PBXFileReference; fileEncoding = 4; lastKnownFileType = sourcecode.c.h; path = GCDAsyncUdpSocket.h; sourceTree = "<group>"; };
		26AEA4311E34C27900528C66 /* GCDAsyncUdpSocket.m */ = {isa = PBXFileReference; fileEncoding = 4; lastKnownFileType = sourcecode.c.objc; path = GCDAsyncUdpSocket.m; sourceTree = "<group>"; };
		26AEA4321E34C27900528C66 /* Info.plist */ = {isa = PBXFileReference; fileEncoding = 4; lastKnownFileType = text.plist.xml; path = Info.plist; sourceTree = "<group>"; };
		26AEA4521E34C2F100528C66 /* SocketMnager.h */ = {isa = PBXFileReference; fileEncoding = 4; lastKnownFileType = sourcecode.c.h; path = SocketMnager.h; sourceTree = "<group>"; };
		26AEA4531E34C2F100528C66 /* SocketMnager.m */ = {isa = PBXFileReference; fileEncoding = 4; lastKnownFileType = sourcecode.c.objc; path = SocketMnager.m; sourceTree = "<group>"; };
/* End PBXFileReference section */

/* Begin PBXFrameworksBuildPhase section */
		26AEA41D1E34C26A00528C66 /* Frameworks */ = {
			isa = PBXFrameworksBuildPhase;
			buildActionMask = 2147483647;
			files = (
			);
			runOnlyForDeploymentPostprocessing = 0;
		};
/* End PBXFrameworksBuildPhase section */

/* Begin PBXGroup section */
		26AEA4171E34C26A00528C66 = {
			isa = PBXGroup;
			children = (
				26AEA4221E34C26B00528C66 /* neganSocket */,
				26AEA4211E34C26B00528C66 /* Products */,
			);
			sourceTree = "<group>";
		};
		26AEA4211E34C26B00528C66 /* Products */ = {
			isa = PBXGroup;
			children = (
				26AEA4201E34C26B00528C66 /* neganSocket */,
			);
			name = Products;
			sourceTree = "<group>";
		};
		26AEA4221E34C26B00528C66 /* neganSocket */ = {
			isa = PBXGroup;
			children = (
				26AEA42A1E34C27900528C66 /* Source */,
				26AEA4231E34C26B00528C66 /* main.m */,
				26AEA4521E34C2F100528C66 /* SocketMnager.h */,
				26AEA4531E34C2F100528C66 /* SocketMnager.m */,
			);
			path = neganSocket;
			sourceTree = "<group>";
		};
		26AEA42A1E34C27900528C66 /* Source */ = {
			isa = PBXGroup;
			children = (
				26AEA42B1E34C27900528C66 /* CocoaAsyncSocket.h */,
				26AEA42C1E34C27900528C66 /* GCD */,
				26AEA4321E34C27900528C66 /* Info.plist */,
			);
			path = Source;
			sourceTree = "<group>";
		};
		26AEA42C1E34C27900528C66 /* GCD */ = {
			isa = PBXGroup;
			children = (
				26AEA42D1E34C27900528C66 /* Documentation.html */,
				26AEA42E1E34C27900528C66 /* GCDAsyncSocket.h */,
				26AEA42F1E34C27900528C66 /* GCDAsyncSocket.m */,
				26AEA4301E34C27900528C66 /* GCDAsyncUdpSocket.h */,
				26AEA4311E34C27900528C66 /* GCDAsyncUdpSocket.m */,
			);
			path = GCD;
			sourceTree = "<group>";
		};
/* End PBXGroup section */

/* Begin PBXNativeTarget section */
		26AEA41F1E34C26A00528C66 /* neganSocket */ = {
			isa = PBXNativeTarget;
			buildConfigurationList = 26AEA4271E34C26B00528C66 /* Build configuration list for PBXNativeTarget "neganSocket" */;
			buildPhases = (
				26AEA41C1E34C26A00528C66 /* Sources */,
				26AEA41D1E34C26A00528C66 /* Frameworks */,
				26AEA41E1E34C26A00528C66 /* CopyFiles */,
			);
			buildRules = (
			);
			dependencies = (
			);
			name = neganSocket;
			productName = neganSocket;
			productReference = 26AEA4201E34C26B00528C66 /* neganSocket */;
			productType = "com.apple.product-type.tool";
		};
/* End PBXNativeTarget section */

/* Begin PBXProject section */
		26AEA4181E34C26A00528C66 /* Project object */ = {
			isa = PBXProject;
			attributes = {
				LastUpgradeCheck = 0820;
				ORGANIZATIONNAME = negan;
				TargetAttributes = {
					26AEA41F1E34C26A00528C66 = {
						CreatedOnToolsVersion = 8.2.1;
						ProvisioningStyle = Automatic;
					};
				};
			};
			buildConfigurationList = 26AEA41B1E34C26A00528C66 /* Build configuration list for PBXProject "neganSocket" */;
			compatibilityVersion = "Xcode 3.2";
			developmentRegion = English;
			hasScannedForEncodings = 0;
			knownRegions = (
				en,
			);
			mainGroup = 26AEA4171E34C26A00528C66;
			productRefGroup = 26AEA4211E34C26B00528C66 /* Products */;
			projectDirPath = "";
			projectRoot = "";
			targets = (
				26AEA41F1E34C26A00528C66 /* neganSocket */,
			);
		};
/* End PBXProject section */

/* Begin PBXSourcesBuildPhase section */
		26AEA41C1E34C26A00528C66 /* Sources */ = {
			isa = PBXSourcesBuildPhase;
			buildActionMask = 2147483647;
			files = (
				26AEA4541E34C2F100528C66 /* SocketMnager.m in Sources */,
				26AEA4481E34C27900528C66 /* GCDAsyncSocket.m in Sources */,
				26AEA4491E34C27900528C66 /* GCDAsyncUdpSocket.m in Sources */,
				26AEA4241E34C26B00528C66 /* main.m in Sources */,
			);
			runOnlyForDeploymentPostprocessing = 0;
		};
/* End PBXSourcesBuildPhase section */

/* Begin XCBuildConfiguration section */
		26AEA4251E34C26B00528C66 /* Debug */ = {
			isa = XCBuildConfiguration;
			buildSettings = {
				ALWAYS_SEARCH_USER_PATHS = NO;
				CLANG_ANALYZER_NONNULL = YES;
				CLANG_CXX_LANGUAGE_STANDARD = "gnu++0x";
				CLANG_CXX_LIBRARY = "libc++";
				CLANG_ENABLE_MODULES = YES;
				CLANG_ENABLE_OBJC_ARC = YES;
				CLANG_WARN_BOOL_CONVERSION = YES;
				CLANG_WARN_CONSTANT_CONVERSION = YES;
				CLANG_WARN_DIRECT_OBJC_ISA_USAGE = YES_ERROR;
				CLANG_WARN_DOCUMENTATION_COMMENTS = YES;
				CLANG_WARN_EMPTY_BODY = YES;
				CLANG_WARN_ENUM_CONVERSION = YES;
				CLANG_WARN_INFINITE_RECURSION = YES;
				CLANG_WARN_INT_CONVERSION = YES;
				CLANG_WARN_OBJC_ROOT_CLASS = YES_ERROR;
				CLANG_WARN_SUSPICIOUS_MOVE = YES;
				CLANG_WARN_UNREACHABLE_CODE = YES;
				CLANG_WARN__DUPLICATE_METHOD_MATCH = YES;
				CODE_SIGN_IDENTITY = "-";
				COPY_PHASE_STRIP = NO;
				DEBUG_INFORMATION_FORMAT = dwarf;
				ENABLE_STRICT_OBJC_MSGSEND = YES;
				ENABLE_TESTABILITY = YES;
				GCC_C_LANGUAGE_STANDARD = gnu99;
				GCC_DYNAMIC_NO_PIC = NO;
				GCC_NO_COMMON_BLOCKS = YES;
				GCC_OPTIMIZATION_LEVEL = 0;
				GCC_PREPROCESSOR_DEFINITIONS = (
					"DEBUG=1",
					"$(inherited)",
				);
				GCC_WARN_64_TO_32_BIT_CONVERSION = YES;
				GCC_WARN_ABOUT_RETURN_TYPE = YES_ERROR;
				GCC_WARN_UNDECLARED_SELECTOR = YES;
				GCC_WARN_UNINITIALIZED_AUTOS = YES_AGGRESSIVE;
				GCC_WARN_UNUSED_FUNCTION = YES;
				GCC_WARN_UNUSED_VARIABLE = YES;
				MACOSX_DEPLOYMENT_TARGET = 10.11;
				MTL_ENABLE_DEBUG_INFO = YES;
				ONLY_ACTIVE_ARCH = YES;
				SDKROOT = macosx;
			};
			name = Debug;
		};
		26AEA4261E34C26B00528C66 /* Release */ = {
			isa = XCBuildConfiguration;
			buildSettings = {
				ALWAYS_SEARCH_USER_PATHS = NO;
				CLANG_ANALYZER_NONNULL = YES;
				CLANG_CXX_LANGUAGE_STANDARD = "gnu++0x";
				CLANG_CXX_LIBRARY = "libc++";
				CLANG_ENABLE_MODULES = YES;
				CLANG_ENABLE_OBJC_ARC = YES;
				CLANG_WARN_BOOL_CONVERSION = YES;
				CLANG_WARN_CONSTANT_CONVERSION = YES;
				CLANG_WARN_DIRECT_OBJC_ISA_USAGE = YES_ERROR;
				CLANG_WARN_DOCUMENTATION_COMMENTS = YES;
				CLANG_WARN_EMPTY_BODY = YES;
				CLANG_WARN_ENUM_CONVERSION = YES;
				CLANG_WARN_INFINITE_RECURSION = YES;
				CLANG_WARN_INT_CONVERSION = YES;
				CLANG_WARN_OBJC_ROOT_CLASS = YES_ERROR;
				CLANG_WARN_SUSPICIOUS_MOVE = YES;
				CLANG_WARN_UNREACHABLE_CODE = YES;
				CLANG_WARN__DUPLICATE_METHOD_MATCH = YES;
				CODE_SIGN_IDENTITY = "-";
				COPY_PHASE_STRIP = NO;
				DEBUG_INFORMATION_FORMAT = "dwarf-with-dsym";
				ENABLE_NS_ASSERTIONS = NO;
				ENABLE_STRICT_OBJC_MSGSEND = YES;
				GCC_C_LANGUAGE_STANDARD = gnu99;
				GCC_NO_COMMON_BLOCKS = YES;
				GCC_WARN_64_TO_32_BIT_CONVERSION = YES;
				GCC_WARN_ABOUT_RETURN_TYPE = YES_ERROR;
				GCC_WARN_UNDECLARED_SELECTOR = YES;
				GCC_WARN_UNINITIALIZED_AUTOS = YES_AGGRESSIVE;
				GCC_WARN_UNUSED_FUNCTION = YES;
				GCC_WARN_UNUSED_VARIABLE = YES;
				MACOSX_DEPLOYMENT_TARGET = 10.11;
				MTL_ENABLE_DEBUG_INFO = NO;
				SDKROOT = macosx;
			};
			name = Release;
		};
		26AEA4281E34C26B00528C66 /* Debug */ = {
			isa = XCBuildConfiguration;
			buildSettings = {
				PRODUCT_NAME = "$(TARGET_NAME)";
			};
			name = Debug;
		};
		26AEA4291E34C26B00528C66 /* Release */ = {
			isa = XCBuildConfiguration;
			buildSettings = {
				PRODUCT_NAME = "$(TARGET_NAME)";
			};
			name = Release;
		};
/* End XCBuildConfiguration section */

/* Begin XCConfigurationList section */
		26AEA41B1E34C26A00528C66 /* Build configuration list for PBXProject "neganSocket" */ = {
			isa = XCConfigurationList;
			buildConfigurations = (
				26AEA4251E34C26B00528C66 /* Debug */,
				26AEA4261E34C26B00528C66 /* Release */,
			);
			defaultConfigurationIsVisible = 0;
			defaultConfigurationName = Release;
		};
		26AEA4271E34C26B00528C66 /* Build configuration list for PBXNativeTarget "neganSocket" */ = {
			isa = XCConfigurationList;
			buildConfigurations = (
				26AEA4281E34C26B00528C66 /* Debug */,
				26AEA4291E34C26B00528C66 /* Release */,
			);
			defaultConfigurationIsVisible = 0;
		};
/* End XCConfigurationList section */
	};
	rootObject = 26AEA4181E34C26A00528C66 /* Project object */;
}
